{
  "pins" : [
    {
      "identity" : "capacitor-swift-pm",
      "kind" : "remoteSourceControl",
      "location" : "https://github.com/ionic-team/capacitor-swift-pm",
      "state" : {
        "revision" : "c108ae317c35e88dc6d639b8f798f76f55b8f2c2",
        "version" : "3.7.0"
      }
    }
  ],
  "version" : 2
}
